
Microsoft Visual Studio Solution File, Format Version 12.00
# Visual Studio Version 16
VisualStudioVersion = 16.0.31624.102
MinimumVisualStudioVersion = 10.0.40219.1
Project("{FAE04EC0-301F-11D3-BF4B-00C04F79EFBC}") = "SpecialAssignment Bike trips", "SpecialAssignment Bike trips.csproj", "{E48ABF56-473D-43C5-A9FF-BE2AB51656AB}"
EndProject
Global
	GlobalSection(SolutionConfigurationPlatforms) = preSolution
		Debug|Any CPU = Debug|Any CPU
		Release|Any CPU = Release|Any CPU
	EndGlobalSection
	GlobalSection(ProjectConfigurationPlatforms) = postSolution
		{E48ABF56-473D-43C5-A9FF-BE2AB51656AB}.Debug|Any CPU.ActiveCfg = Debug|Any CPU
		{E48ABF56-473D-43C5-A9FF-BE2AB51656AB}.Debug|Any CPU.Build.0 = Debug|Any CPU
		{E48ABF56-473D-43C5-A9FF-BE2AB51656AB}.Release|Any CPU.ActiveCfg = Release|Any CPU
		{E48ABF56-473D-43C5-A9FF-BE2AB51656AB}.Release|Any CPU.Build.0 = Release|Any CPU
	EndGlobalSection
	GlobalSection(SolutionProperties) = preSolution
		HideSolutionNode = FALSE
	EndGlobalSection
	GlobalSection(ExtensibilityGlobals) = postSolution
		SolutionGuid = {9B2E81FB-7951-4C2F-9EBD-CCE49E76CD95}
	EndGlobalSection
EndGlobal
